// !$*UTF8*$!
{
	archiveVersion = 1;
	classes = {
	};
	objectVersion = 46;
	objects = {

/* Begin PBXBuildFile section */
		5DAEC40C1A2C3B6700DBF01F /* main.m in Sources */ = {isa = PBXBuildFile; fileRef = 5DAEC40B1A2C3B6700DBF01F /* main.m */; };
		5DAEC40F1A2C3B6700DBF01F /* AppDelegate.m in Sources */ = {isa = PBXBuildFile; fileRef = 5DAEC40E1A2C3B6700DBF01F /* AppDelegate.m */; };
		5DAEC4181A2C3B6700DBF01F /* Main.storyboard in Resources */ = {isa = PBXBuildFile; fileRef = 5DAEC4161A2C3B6700DBF01F /* Main.storyboard */; };
		5DAEC41A1A2C3B6700DBF01F /* Images.xcassets in Resources */ = {isa = PBXBuildFile; fileRef = 5DAEC4191A2C3B6700DBF01F /* Images.xcassets */; };
		5DAEC41D1A2C3B6700DBF01F /* LaunchScreen.xib in Resources */ = {isa = PBXBuildFile; fileRef = 5DAEC41B1A2C3B6700DBF01F /* LaunchScreen.xib */; };
		5DAEC4291A2C3B6800DBF01F /* SnapMapMainTests.m in Sources */ = {isa = PBXBuildFile; fileRef = 5DAEC4281A2C3B6800DBF01F /* SnapMapMainTests.m */; };
		5DAEC4521A2C464000DBF01F /* BrowseDealsViewController.m in Sources */ = {isa = PBXBuildFile; fileRef = 5DAEC4481A2C464000DBF01F /* BrowseDealsViewController.m */; };
		5DAEC4531A2C464000DBF01F /* CheckinDealsViewController.m in Sources */ = {isa = PBXBuildFile; fileRef = 5DAEC44B1A2C464000DBF01F /* CheckinDealsViewController.m */; };
		5DAEC4541A2C464000DBF01F /* CompassViewController.m in Sources */ = {isa = PBXBuildFile; fileRef = 5DAEC44E1A2C464000DBF01F /* CompassViewController.m */; };
		5DAEC4551A2C464000DBF01F /* ProfileMeViewController.m in Sources */ = {isa = PBXBuildFile; fileRef = 5DAEC4511A2C464000DBF01F /* ProfileMeViewController.m */; };
		5DAEC4581A2C47D400DBF01F /* DealsListCollectionViewCell.m in Sources */ = {isa = PBXBuildFile; fileRef = 5DAEC4571A2C47D400DBF01F /* DealsListCollectionViewCell.m */; };
		5DAEC45F1A2C806800DBF01F /* DealsDetailTableViewCell.m in Sources */ = {isa = PBXBuildFile; fileRef = 5DAEC45E1A2C806800DBF01F /* DealsDetailTableViewCell.m */; };
		5DAEC4661A2C809D00DBF01F /* DealsDetailModel.m in Sources */ = {isa = PBXBuildFile; fileRef = 5DAEC4651A2C809D00DBF01F /* DealsDetailModel.m */; };
/* End PBXBuildFile section */

/* Begin PBXContainerItemProxy section */
		5DAEC4231A2C3B6800DBF01F /* PBXContainerItemProxy */ = {
			isa = PBXContainerItemProxy;
			containerPortal = 5DAEC3FE1A2C3B6700DBF01F /* Project object */;
			proxyType = 1;
			remoteGlobalIDString = 5DAEC4051A2C3B6700DBF01F;
			remoteInfo = SnapMapMain;
		};
/* End PBXContainerItemProxy section */

/* Begin PBXFileReference section */
		5DAEC4061A2C3B6700DBF01F /* SnapMapMain.app */ = {isa = PBXFileReference; explicitFileType = wrapper.application; includeInIndex = 0; path = SnapMapMain.app; sourceTree = BUILT_PRODUCTS_DIR; };
		5DAEC40A1A2C3B6700DBF01F /* Info.plist */ = {isa = PBXFileReference; lastKnownFileType = text.plist.xml; path = Info.plist; sourceTree = "<group>"; };
		5DAEC40B1A2C3B6700DBF01F /* main.m */ = {isa = PBXFileReference; lastKnownFileType = sourcecode.c.objc; path = main.m; sourceTree = "<group>"; };
		5DAEC40D1A2C3B6700DBF01F /* AppDelegate.h */ = {isa = PBXFileReference; lastKnownFileType = sourcecode.c.h; path = AppDelegate.h; sourceTree = "<group>"; };
		5DAEC40E1A2C3B6700DBF01F /* AppDelegate.m */ = {isa = PBXFileReference; lastKnownFileType = sourcecode.c.objc; path = AppDelegate.m; sourceTree = "<group>"; };
		5DAEC4171A2C3B6700DBF01F /* Base */ = {isa = PBXFileReference; lastKnownFileType = file.storyboard; name = Base; path = Base.lproj/Main.storyboard; sourceTree = "<group>"; };
		5DAEC4191A2C3B6700DBF01F /* Images.xcassets */ = {isa = PBXFileReference; lastKnownFileType = folder.assetcatalog; path = Images.xcassets; sourceTree = "<group>"; };
		5DAEC41C1A2C3B6700DBF01F /* Base */ = {isa = PBXFileReference; lastKnownFileType = file.xib; name = Base; path = Base.lproj/LaunchScreen.xib; sourceTree = "<group>"; };
		5DAEC4221A2C3B6800DBF01F /* SnapMapMainTests.xctest */ = {isa = PBXFileReference; explicitFileType = wrapper.cfbundle; includeInIndex = 0; path = SnapMapMainTests.xctest; sourceTree = BUILT_PRODUCTS_DIR; };
		5DAEC4271A2C3B6800DBF01F /* Info.plist */ = {isa = PBXFileReference; lastKnownFileType = text.plist.xml; path = Info.plist; sourceTree = "<group>"; };
		5DAEC4281A2C3B6800DBF01F /* SnapMapMainTests.m */ = {isa = PBXFileReference; lastKnownFileType = sourcecode.c.objc; path = SnapMapMainTests.m; sourceTree = "<group>"; };
		5DAEC4471A2C464000DBF01F /* BrowseDealsViewController.h */ = {isa = PBXFileReference; fileEncoding = 4; lastKnownFileType = sourcecode.c.h; path = BrowseDealsViewController.h; sourceTree = "<group>"; };
		5DAEC4481A2C464000DBF01F /* BrowseDealsViewController.m */ = {isa = PBXFileReference; fileEncoding = 4; lastKnownFileType = sourcecode.c.objc; path = BrowseDealsViewController.m; sourceTree = "<group>"; };
		5DAEC44A1A2C464000DBF01F /* CheckinDealsViewController.h */ = {isa = PBXFileReference; fileEncoding = 4; lastKnownFileType = sourcecode.c.h; path = CheckinDealsViewController.h; sourceTree = "<group>"; };
		5DAEC44B1A2C464000DBF01F /* CheckinDealsViewController.m */ = {isa = PBXFileReference; fileEncoding = 4; lastKnownFileType = sourcecode.c.objc; path = CheckinDealsViewController.m; sourceTree = "<group>"; };
		5DAEC44D1A2C464000DBF01F /* CompassViewController.h */ = {isa = PBXFileReference; fileEncoding = 4; lastKnownFileType = sourcecode.c.h; path = CompassViewController.h; sourceTree = "<group>"; };
		5DAEC44E1A2C464000DBF01F /* CompassViewController.m */ = {isa = PBXFileReference; fileEncoding = 4; lastKnownFileType = sourcecode.c.objc; path = CompassViewController.m; sourceTree = "<group>"; };
		5DAEC4501A2C464000DBF01F /* ProfileMeViewController.h */ = {isa = PBXFileReference; fileEncoding = 4; lastKnownFileType = sourcecode.c.h; path = ProfileMeViewController.h; sourceTree = "<group>"; };
		5DAEC4511A2C464000DBF01F /* ProfileMeViewController.m */ = {isa = PBXFileReference; fileEncoding = 4; lastKnownFileType = sourcecode.c.objc; path = ProfileMeViewController.m; sourceTree = "<group>"; };
		5DAEC4561A2C47D400DBF01F /* DealsListCollectionViewCell.h */ = {isa = PBXFileReference; fileEncoding = 4; lastKnownFileType = sourcecode.c.h; name = DealsListCollectionViewCell.h; path = Views/DealsListCollectionViewCell.h; sourceTree = "<group>"; };
		5DAEC4571A2C47D400DBF01F /* DealsListCollectionViewCell.m */ = {isa = PBXFileReference; fileEncoding = 4; lastKnownFileType = sourcecode.c.objc; name = DealsListCollectionViewCell.m; path = Views/DealsListCollectionViewCell.m; sourceTree = "<group>"; };
		5DAEC45D1A2C806800DBF01F /* DealsDetailTableViewCell.h */ = {isa = PBXFileReference; fileEncoding = 4; lastKnownFileType = sourcecode.c.h; name = DealsDetailTableViewCell.h; path = Views/DealsDetailTableViewCell.h; sourceTree = "<group>"; };
		5DAEC45E1A2C806800DBF01F /* DealsDetailTableViewCell.m */ = {isa = PBXFileReference; fileEncoding = 4; lastKnownFileType = sourcecode.c.objc; name = DealsDetailTableViewCell.m; path = Views/DealsDetailTableViewCell.m; sourceTree = "<group>"; };
		5DAEC4641A2C809D00DBF01F /* DealsDetailModel.h */ = {isa = PBXFileReference; fileEncoding = 4; lastKnownFileType = sourcecode.c.h; path = DealsDetailModel.h; sourceTree = "<group>"; };
		5DAEC4651A2C809D00DBF01F /* DealsDetailModel.m */ = {isa = PBXFileReference; fileEncoding = 4; lastKnownFileType = sourcecode.c.objc; path = DealsDetailModel.m; sourceTree = "<group>"; };
/* End PBXFileReference section */

/* Begin PBXFrameworksBuildPhase section */
		5DAEC4031A2C3B6700DBF01F /* Frameworks */ = {
			isa = PBXFrameworksBuildPhase;
			buildActionMask = 2147483647;
			files = (
			);
			runOnlyForDeploymentPostprocessing = 0;
		};
		5DAEC41F1A2C3B6800DBF01F /* Frameworks */ = {
			isa = PBXFrameworksBuildPhase;
			buildActionMask = 2147483647;
			files = (
			);
			runOnlyForDeploymentPostprocessing = 0;
		};
/* End PBXFrameworksBuildPhase section */

/* Begin PBXGroup section */
		5DAEC3FD1A2C3B6700DBF01F = {
			isa = PBXGroup;
			children = (
				5DAEC4081A2C3B6700DBF01F /* SnapMapMain */,
				5DAEC4251A2C3B6800DBF01F /* SnapMapMainTests */,
				5DAEC4071A2C3B6700DBF01F /* Products */,
			);
			sourceTree = "<group>";
		};
		5DAEC4071A2C3B6700DBF01F /* Products */ = {
			isa = PBXGroup;
			children = (
				5DAEC4061A2C3B6700DBF01F /* SnapMapMain.app */,
				5DAEC4221A2C3B6800DBF01F /* SnapMapMainTests.xctest */,
			);
			name = Products;
			sourceTree = "<group>";
		};
		5DAEC4081A2C3B6700DBF01F /* SnapMapMain */ = {
			isa = PBXGroup;
			children = (
				5DAEC40D1A2C3B6700DBF01F /* AppDelegate.h */,
				5DAEC40E1A2C3B6700DBF01F /* AppDelegate.m */,
				5DAEC4161A2C3B6700DBF01F /* Main.storyboard */,
				5DAEC4441A2C464000DBF01F /* UI */,
				5DAEC4191A2C3B6700DBF01F /* Images.xcassets */,
				5DAEC41B1A2C3B6700DBF01F /* LaunchScreen.xib */,
				5DAEC4091A2C3B6700DBF01F /* Supporting Files */,
			);
			path = SnapMapMain;
			sourceTree = "<group>";
		};
		5DAEC4091A2C3B6700DBF01F /* Supporting Files */ = {
			isa = PBXGroup;
			children = (
				5DAEC40A1A2C3B6700DBF01F /* Info.plist */,
				5DAEC40B1A2C3B6700DBF01F /* main.m */,
			);
			name = "Supporting Files";
			sourceTree = "<group>";
		};
		5DAEC4251A2C3B6800DBF01F /* SnapMapMainTests */ = {
			isa = PBXGroup;
			children = (
				5DAEC4281A2C3B6800DBF01F /* SnapMapMainTests.m */,
				5DAEC4261A2C3B6800DBF01F /* Supporting Files */,
			);
			path = SnapMapMainTests;
			sourceTree = "<group>";
		};
		5DAEC4261A2C3B6800DBF01F /* Supporting Files */ = {
			isa = PBXGroup;
			children = (
				5DAEC4271A2C3B6800DBF01F /* Info.plist */,
			);
			name = "Supporting Files";
			sourceTree = "<group>";
		};
		5DAEC4441A2C464000DBF01F /* UI */ = {
			isa = PBXGroup;
			children = (
				5DAEC4451A2C464000DBF01F /* Tab Controllers */,
			);
			path = UI;
			sourceTree = "<group>";
		};
		5DAEC4451A2C464000DBF01F /* Tab Controllers */ = {
			isa = PBXGroup;
			children = (
				5DAEC44C1A2C464000DBF01F /* Compass Map */,
				5DAEC4461A2C464000DBF01F /* Browse Deals */,
				5DAEC44F1A2C464000DBF01F /* Profile AboutMe */,
				5DAEC4491A2C464000DBF01F /* Checkin Deals */,
			);
			path = "Tab Controllers";
			sourceTree = "<group>";
		};
		5DAEC4461A2C464000DBF01F /* Browse Deals */ = {
			isa = PBXGroup;
			children = (
				5DAEC4471A2C464000DBF01F /* BrowseDealsViewController.h */,
				5DAEC4481A2C464000DBF01F /* BrowseDealsViewController.m */,
				5DAEC4591A2C47DD00DBF01F /* Views */,
				5DAEC4631A2C809D00DBF01F /* Model */,
			);
			path = "Browse Deals";
			sourceTree = "<group>";
		};
		5DAEC4491A2C464000DBF01F /* Checkin Deals */ = {
			isa = PBXGroup;
			children = (
				5DAEC44A1A2C464000DBF01F /* CheckinDealsViewController.h */,
				5DAEC44B1A2C464000DBF01F /* CheckinDealsViewController.m */,
			);
			path = "Checkin Deals";
			sourceTree = "<group>";
		};
		5DAEC44C1A2C464000DBF01F /* Compass Map */ = {
			isa = PBXGroup;
			children = (
				5DAEC44D1A2C464000DBF01F /* CompassViewController.h */,
				5DAEC44E1A2C464000DBF01F /* CompassViewController.m */,
			);
			path = "Compass Map";
			sourceTree = "<group>";
		};
		5DAEC44F1A2C464000DBF01F /* Profile AboutMe */ = {
			isa = PBXGroup;
			children = (
				5DAEC4501A2C464000DBF01F /* ProfileMeViewController.h */,
				5DAEC4511A2C464000DBF01F /* ProfileMeViewController.m */,
			);
			path = "Profile AboutMe";
			sourceTree = "<group>";
		};
		5DAEC4591A2C47DD00DBF01F /* Views */ = {
			isa = PBXGroup;
			children = (
				5DAEC45D1A2C806800DBF01F /* DealsDetailTableViewCell.h */,
				5DAEC45E1A2C806800DBF01F /* DealsDetailTableViewCell.m */,
				5DAEC4561A2C47D400DBF01F /* DealsListCollectionViewCell.h */,
				5DAEC4571A2C47D400DBF01F /* DealsListCollectionViewCell.m */,
			);
			name = Views;
			sourceTree = "<group>";
		};
		5DAEC4631A2C809D00DBF01F /* Model */ = {
			isa = PBXGroup;
			children = (
				5DAEC4641A2C809D00DBF01F /* DealsDetailModel.h */,
				5DAEC4651A2C809D00DBF01F /* DealsDetailModel.m */,
			);
			path = Model;
			sourceTree = "<group>";
		};
/* End PBXGroup section */

/* Begin PBXNativeTarget section */
		5DAEC4051A2C3B6700DBF01F /* SnapMapMain */ = {
			isa = PBXNativeTarget;
			buildConfigurationList = 5DAEC42C1A2C3B6800DBF01F /* Build configuration list for PBXNativeTarget "SnapMapMain" */;
			buildPhases = (
				5DAEC4021A2C3B6700DBF01F /* Sources */,
				5DAEC4031A2C3B6700DBF01F /* Frameworks */,
				5DAEC4041A2C3B6700DBF01F /* Resources */,
			);
			buildRules = (
			);
			dependencies = (
			);
			name = SnapMapMain;
			productName = SnapMapMain;
			productReference = 5DAEC4061A2C3B6700DBF01F /* SnapMapMain.app */;
			productType = "com.apple.product-type.application";
		};
		5DAEC4211A2C3B6800DBF01F /* SnapMapMainTests */ = {
			isa = PBXNativeTarget;
			buildConfigurationList = 5DAEC42F1A2C3B6800DBF01F /* Build configuration list for PBXNativeTarget "SnapMapMainTests" */;
			buildPhases = (
				5DAEC41E1A2C3B6800DBF01F /* Sources */,
				5DAEC41F1A2C3B6800DBF01F /* Frameworks */,
				5DAEC4201A2C3B6800DBF01F /* Resources */,
			);
			buildRules = (
			);
			dependencies = (
				5DAEC4241A2C3B6800DBF01F /* PBXTargetDependency */,
			);
			name = SnapMapMainTests;
			productName = SnapMapMainTests;
			productReference = 5DAEC4221A2C3B6800DBF01F /* SnapMapMainTests.xctest */;
			productType = "com.apple.product-type.bundle.unit-test";
		};
/* End PBXNativeTarget section */

/* Begin PBXProject section */
		5DAEC3FE1A2C3B6700DBF01F /* Project object */ = {
			isa = PBXProject;
			attributes = {
				LastUpgradeCheck = 0610;
				ORGANIZATIONNAME = "Vinoth Kumar";
				TargetAttributes = {
					5DAEC4051A2C3B6700DBF01F = {
						CreatedOnToolsVersion = 6.1;
					};
					5DAEC4211A2C3B6800DBF01F = {
						CreatedOnToolsVersion = 6.1;
						TestTargetID = 5DAEC4051A2C3B6700DBF01F;
					};
				};
			};
			buildConfigurationList = 5DAEC4011A2C3B6700DBF01F /* Build configuration list for PBXProject "SnapMapMain" */;
			compatibilityVersion = "Xcode 3.2";
			developmentRegion = English;
			hasScannedForEncodings = 0;
			knownRegions = (
				en,
				Base,
			);
			mainGroup = 5DAEC3FD1A2C3B6700DBF01F;
			productRefGroup = 5DAEC4071A2C3B6700DBF01F /* Products */;
			projectDirPath = "";
			projectRoot = "";
			targets = (
				5DAEC4051A2C3B6700DBF01F /* SnapMapMain */,
				5DAEC4211A2C3B6800DBF01F /* SnapMapMainTests */,
			);
		};
/* End PBXProject section */

/* Begin PBXResourcesBuildPhase section */
		5DAEC4041A2C3B6700DBF01F /* Resources */ = {
			isa = PBXResourcesBuildPhase;
			buildActionMask = 2147483647;
			files = (
				5DAEC4181A2C3B6700DBF01F /* Main.storyboard in Resources */,
				5DAEC41D1A2C3B6700DBF01F /* LaunchScreen.xib in Resources */,
				5DAEC41A1A2C3B6700DBF01F /* Images.xcassets in Resources */,
			);
			runOnlyForDeploymentPostprocessing = 0;
		};
		5DAEC4201A2C3B6800DBF01F /* Resources */ = {
			isa = PBXResourcesBuildPhase;
			buildActionMask = 2147483647;
			files = (
			);
			runOnlyForDeploymentPostprocessing = 0;
		};
/* End PBXResourcesBuildPhase section */

/* Begin PBXSourcesBuildPhase section */
		5DAEC4021A2C3B6700DBF01F /* Sources */ = {
			isa = PBXSourcesBuildPhase;
			buildActionMask = 2147483647;
			files = (
				5DAEC4531A2C464000DBF01F /* CheckinDealsViewController.m in Sources */,
				5DAEC40F1A2C3B6700DBF01F /* AppDelegate.m in Sources */,
				5DAEC4541A2C464000DBF01F /* CompassViewController.m in Sources */,
				5DAEC4521A2C464000DBF01F /* BrowseDealsViewController.m in Sources */,
				5DAEC45F1A2C806800DBF01F /* DealsDetailTableViewCell.m in Sources */,
				5DAEC4661A2C809D00DBF01F /* DealsDetailModel.m in Sources */,
				5DAEC4581A2C47D400DBF01F /* DealsListCollectionViewCell.m in Sources */,
				5DAEC4551A2C464000DBF01F /* ProfileMeViewController.m in Sources */,
				5DAEC40C1A2C3B6700DBF01F /* main.m in Sources */,
			);
			runOnlyForDeploymentPostprocessing = 0;
		};
		5DAEC41E1A2C3B6800DBF01F /* Sources */ = {
			isa = PBXSourcesBuildPhase;
			buildActionMask = 2147483647;
			files = (
				5DAEC4291A2C3B6800DBF01F /* SnapMapMainTests.m in Sources */,
			);
			runOnlyForDeploymentPostprocessing = 0;
		};
/* End PBXSourcesBuildPhase section */

/* Begin PBXTargetDependency section */
		5DAEC4241A2C3B6800DBF01F /* PBXTargetDependency */ = {
			isa = PBXTargetDependency;
			target = 5DAEC4051A2C3B6700DBF01F /* SnapMapMain */;
			targetProxy = 5DAEC4231A2C3B6800DBF01F /* PBXContainerItemProxy */;
		};
/* End PBXTargetDependency section */

/* Begin PBXVariantGroup section */
		5DAEC4161A2C3B6700DBF01F /* Main.storyboard */ = {
			isa = PBXVariantGroup;
			children = (
				5DAEC4171A2C3B6700DBF01F /* Base */,
			);
			name = Main.storyboard;
			sourceTree = "<group>";
		};
		5DAEC41B1A2C3B6700DBF01F /* LaunchScreen.xib */ = {
			isa = PBXVariantGroup;
			children = (
				5DAEC41C1A2C3B6700DBF01F /* Base */,
			);
			name = LaunchScreen.xib;
			sourceTree = "<group>";
		};
/* End PBXVariantGroup section */

/* Begin XCBuildConfiguration section */
		5DAEC42A1A2C3B6800DBF01F /* Debug */ = {
			isa = XCBuildConfiguration;
			buildSettings = {
				ALWAYS_SEARCH_USER_PATHS = NO;
				CLANG_CXX_LANGUAGE_STANDARD = "gnu++0x";
				CLANG_CXX_LIBRARY = "libc++";
				CLANG_ENABLE_MODULES = YES;
				CLANG_ENABLE_OBJC_ARC = YES;
				CLANG_WARN_BOOL_CONVERSION = YES;
				CLANG_WARN_CONSTANT_CONVERSION = YES;
				CLANG_WARN_DIRECT_OBJC_ISA_USAGE = YES_ERROR;
				CLANG_WARN_EMPTY_BODY = YES;
				CLANG_WARN_ENUM_CONVERSION = YES;
				CLANG_WARN_INT_CONVERSION = YES;
				CLANG_WARN_OBJC_ROOT_CLASS = YES_ERROR;
				CLANG_WARN_UNREACHABLE_CODE = YES;
				CLANG_WARN__DUPLICATE_METHOD_MATCH = YES;
				"CODE_SIGN_IDENTITY[sdk=iphoneos*]" = "iPhone Developer";
				COPY_PHASE_STRIP = NO;
				ENABLE_STRICT_OBJC_MSGSEND = YES;
				GCC_C_LANGUAGE_STANDARD = gnu99;
				GCC_DYNAMIC_NO_PIC = NO;
				GCC_OPTIMIZATION_LEVEL = 0;
				GCC_PREPROCESSOR_DEFINITIONS = (
					"DEBUG=1",
					"$(inherited)",
				);
				GCC_SYMBOLS_PRIVATE_EXTERN = NO;
				GCC_WARN_64_TO_32_BIT_CONVERSION = YES;
				GCC_WARN_ABOUT_RETURN_TYPE = YES_ERROR;
				GCC_WARN_UNDECLARED_SELECTOR = YES;
				GCC_WARN_UNINITIALIZED_AUTOS = YES_AGGRESSIVE;
				GCC_WARN_UNUSED_FUNCTION = YES;
				GCC_WARN_UNUSED_VARIABLE = YES;
				IPHONEOS_DEPLOYMENT_TARGET = 8.1;
				MTL_ENABLE_DEBUG_INFO = YES;
				ONLY_ACTIVE_ARCH = YES;
				SDKROOT = iphoneos;
				TARGETED_DEVICE_FAMILY = "1,2";
			};
			name = Debug;
		};
		5DAEC42B1A2C3B6800DBF01F /* Release */ = {
			isa = XCBuildConfiguration;
			buildSettings = {
				ALWAYS_SEARCH_USER_PATHS = NO;
				CLANG_CXX_LANGUAGE_STANDARD = "gnu++0x";
				CLANG_CXX_LIBRARY = "libc++";
				CLANG_ENABLE_MODULES = YES;
				CLANG_ENABLE_OBJC_ARC = YES;
				CLANG_WARN_BOOL_CONVERSION = YES;
				CLANG_WARN_CONSTANT_CONVERSION = YES;
				CLANG_WARN_DIRECT_OBJC_ISA_USAGE = YES_ERROR;
				CLANG_WARN_EMPTY_BODY = YES;
				CLANG_WARN_ENUM_CONVERSION = YES;
				CLANG_WARN_INT_CONVERSION = YES;
				CLANG_WARN_OBJC_ROOT_CLASS = YES_ERROR;
				CLANG_WARN_UNREACHABLE_CODE = YES;
				CLANG_WARN__DUPLICATE_METHOD_MATCH = YES;
				"CODE_SIGN_IDENTITY[sdk=iphoneos*]" = "iPhone Developer";
				COPY_PHASE_STRIP = YES;
				ENABLE_NS_ASSERTIONS = NO;
				ENABLE_STRICT_OBJC_MSGSEND = YES;
				GCC_C_LANGUAGE_STANDARD = gnu99;
				GCC_WARN_64_TO_32_BIT_CONVERSION = YES;
				GCC_WARN_ABOUT_RETURN_TYPE = YES_ERROR;
				GCC_WARN_UNDECLARED_SELECTOR = YES;
				GCC_WARN_UNINITIALIZED_AUTOS = YES_AGGRESSIVE;
				GCC_WARN_UNUSED_FUNCTION = YES;
				GCC_WARN_UNUSED_VARIABLE = YES;
				IPHONEOS_DEPLOYMENT_TARGET = 8.1;
				MTL_ENABLE_DEBUG_INFO = NO;
				SDKROOT = iphoneos;
				TARGETED_DEVICE_FAMILY = "1,2";
				VALIDATE_PRODUCT = YES;
			};
			name = Release;
		};
		5DAEC42D1A2C3B6800DBF01F /* Debug */ = {
			isa = XCBuildConfiguration;
			buildSettings = {
				ASSETCATALOG_COMPILER_APPICON_NAME = AppIcon;
				INFOPLIST_FILE = SnapMapMain/Info.plist;
				LD_RUNPATH_SEARCH_PATHS = "$(inherited) @executable_path/Frameworks";
				PRODUCT_NAME = "$(TARGET_NAME)";
			};
			name = Debug;
		};
		5DAEC42E1A2C3B6800DBF01F /* Release */ = {
			isa = XCBuildConfiguration;
			buildSettings = {
				ASSETCATALOG_COMPILER_APPICON_NAME = AppIcon;
				INFOPLIST_FILE = SnapMapMain/Info.plist;
				LD_RUNPATH_SEARCH_PATHS = "$(inherited) @executable_path/Frameworks";
				PRODUCT_NAME = "$(TARGET_NAME)";
			};
			name = Release;
		};
		5DAEC4301A2C3B6800DBF01F /* Debug */ = {
			isa = XCBuildConfiguration;
			buildSettings = {
				BUNDLE_LOADER = "$(TEST_HOST)";
				FRAMEWORK_SEARCH_PATHS = (
					"$(SDKROOT)/Developer/Library/Frameworks",
					"$(inherited)",
				);
				GCC_PREPROCESSOR_DEFINITIONS = (
					"DEBUG=1",
					"$(inherited)",
				);
				INFOPLIST_FILE = SnapMapMainTests/Info.plist;
				LD_RUNPATH_SEARCH_PATHS = "$(inherited) @executable_path/Frameworks @loader_path/Frameworks";
				PRODUCT_NAME = "$(TARGET_NAME)";
				TEST_HOST = "$(BUILT_PRODUCTS_DIR)/SnapMapMain.app/SnapMapMain";
			};
			name = Debug;
		};
		5DAEC4311A2C3B6800DBF01F /* Release */ = {
			isa = XCBuildConfiguration;
			buildSettings = {
				BUNDLE_LOADER = "$(TEST_HOST)";
				FRAMEWORK_SEARCH_PATHS = (
					"$(SDKROOT)/Developer/Library/Frameworks",
					"$(inherited)",
				);
				INFOPLIST_FILE = SnapMapMainTests/Info.plist;
				LD_RUNPATH_SEARCH_PATHS = "$(inherited) @executable_path/Frameworks @loader_path/Frameworks";
				PRODUCT_NAME = "$(TARGET_NAME)";
				TEST_HOST = "$(BUILT_PRODUCTS_DIR)/SnapMapMain.app/SnapMapMain";
			};
			name = Release;
		};
/* End XCBuildConfiguration section */

/* Begin XCConfigurationList section */
		5DAEC4011A2C3B6700DBF01F /* Build configuration list for PBXProject "SnapMapMain" */ = {
			isa = XCConfigurationList;
			buildConfigurations = (
				5DAEC42A1A2C3B6800DBF01F /* Debug */,
				5DAEC42B1A2C3B6800DBF01F /* Release */,
			);
			defaultConfigurationIsVisible = 0;
			defaultConfigurationName = Release;
		};
		5DAEC42C1A2C3B6800DBF01F /* Build configuration list for PBXNativeTarget "SnapMapMain" */ = {
			isa = XCConfigurationList;
			buildConfigurations = (
				5DAEC42D1A2C3B6800DBF01F /* Debug */,
				5DAEC42E1A2C3B6800DBF01F /* Release */,
			);
			defaultConfigurationIsVisible = 0;
			defaultConfigurationName = Release;
		};
		5DAEC42F1A2C3B6800DBF01F /* Build configuration list for PBXNativeTarget "SnapMapMainTests" */ = {
			isa = XCConfigurationList;
			buildConfigurations = (
				5DAEC4301A2C3B6800DBF01F /* Debug */,
				5DAEC4311A2C3B6800DBF01F /* Release */,
			);
			defaultConfigurationIsVisible = 0;
			defaultConfigurationName = Release;
		};
/* End XCConfigurationList section */
	};
	rootObject = 5DAEC3FE1A2C3B6700DBF01F /* Project object */;
}
